
Microsoft Visual Studio Solution File, Format Version 12.00
# Visual Studio Version 16
VisualStudioVersion = 16.0.30128.74
MinimumVisualStudioVersion = 10.0.40219.1
Project("{9A19103F-16F7-4668-BE54-9A1E7A4F7556}") = "BlazorCRUB.UI", "BlazorCRUB.UI\BlazorCRUB.UI.csproj", "{E4AA99F2-A0B2-48FB-B6EB-5B9FA434A30F}"
EndProject
Project("{9A19103F-16F7-4668-BE54-9A1E7A4F7556}") = "BlazorCRUB.Model", "BlazorCRUB.Model\BlazorCRUB.Model.csproj", "{F073EEAA-9618-4694-9D6B-50F512921B42}"
EndProject
Project("{9A19103F-16F7-4668-BE54-9A1E7A4F7556}") = "BlazorCRUB.Data.Dapper", "BlazorCRUB.Data.Dapper\BlazorCRUB.Data.Dapper.csproj", "{C2869041-A088-45C7-AF9B-C4282010F21E}"
EndProject
Global
	GlobalSection(SolutionConfigurationPlatforms) = preSolution
		Debug|Any CPU = Debug|Any CPU
		Release|Any CPU = Release|Any CPU
	EndGlobalSection
	GlobalSection(ProjectConfigurationPlatforms) = postSolution
		{E4AA99F2-A0B2-48FB-B6EB-5B9FA434A30F}.Debug|Any CPU.ActiveCfg = Debug|Any CPU
		{E4AA99F2-A0B2-48FB-B6EB-5B9FA434A30F}.Debug|Any CPU.Build.0 = Debug|Any CPU
		{E4AA99F2-A0B2-48FB-B6EB-5B9FA434A30F}.Release|Any CPU.ActiveCfg = Release|Any CPU
		{E4AA99F2-A0B2-48FB-B6EB-5B9FA434A30F}.Release|Any CPU.Build.0 = Release|Any CPU
		{F073EEAA-9618-4694-9D6B-50F512921B42}.Debug|Any CPU.ActiveCfg = Debug|Any CPU
		{F073EEAA-9618-4694-9D6B-50F512921B42}.Debug|Any CPU.Build.0 = Debug|Any CPU
		{F073EEAA-9618-4694-9D6B-50F512921B42}.Release|Any CPU.ActiveCfg = Release|Any CPU
		{F073EEAA-9618-4694-9D6B-50F512921B42}.Release|Any CPU.Build.0 = Release|Any CPU
		{C2869041-A088-45C7-AF9B-C4282010F21E}.Debug|Any CPU.ActiveCfg = Debug|Any CPU
		{C2869041-A088-45C7-AF9B-C4282010F21E}.Debug|Any CPU.Build.0 = Debug|Any CPU
		{C2869041-A088-45C7-AF9B-C4282010F21E}.Release|Any CPU.ActiveCfg = Release|Any CPU
		{C2869041-A088-45C7-AF9B-C4282010F21E}.Release|Any CPU.Build.0 = Release|Any CPU
	EndGlobalSection
	GlobalSection(SolutionProperties) = preSolution
		HideSolutionNode = FALSE
	EndGlobalSection
	GlobalSection(ExtensibilityGlobals) = postSolution
		SolutionGuid = {F860C0FC-867C-4036-B8B3-FD07E6B6A52D}
	EndGlobalSection
EndGlobal
